
Microsoft Visual Studio Solution File, Format Version 12.00
# Visual Studio Version 17
VisualStudioVersion = 17.9.34728.123
MinimumVisualStudioVersion = 10.0.40219.1
Project("{9A19103F-16F7-4668-BE54-9A1E7A4F7556}") = "ClientApp", "ClientApp\ClientApp.csproj", "{24520D26-C69C-4463-AF06-ECFAD77C9A08}"
EndProject
Project("{9A19103F-16F7-4668-BE54-9A1E7A4F7556}") = "ServerApp", "ServerApp\ServerApp.csproj", "{1446E137-BADF-45A8-A77E-7EB8AC91004F}"
EndProject
Global
	GlobalSection(SolutionConfigurationPlatforms) = preSolution
		Debug|Any CPU = Debug|Any CPU
		Release|Any CPU = Release|Any CPU
	EndGlobalSection
	GlobalSection(ProjectConfigurationPlatforms) = postSolution
		{24520D26-C69C-4463-AF06-ECFAD77C9A08}.Debug|Any CPU.ActiveCfg = Debug|Any CPU
		{24520D26-C69C-4463-AF06-ECFAD77C9A08}.Debug|Any CPU.Build.0 = Debug|Any CPU
		{24520D26-C69C-4463-AF06-ECFAD77C9A08}.Release|Any CPU.ActiveCfg = Release|Any CPU
		{24520D26-C69C-4463-AF06-ECFAD77C9A08}.Release|Any CPU.Build.0 = Release|Any CPU
		{1446E137-BADF-45A8-A77E-7EB8AC91004F}.Debug|Any CPU.ActiveCfg = Debug|Any CPU
		{1446E137-BADF-45A8-A77E-7EB8AC91004F}.Debug|Any CPU.Build.0 = Debug|Any CPU
		{1446E137-BADF-45A8-A77E-7EB8AC91004F}.Release|Any CPU.ActiveCfg = Release|Any CPU
		{1446E137-BADF-45A8-A77E-7EB8AC91004F}.Release|Any CPU.Build.0 = Release|Any CPU
	EndGlobalSection
	GlobalSection(SolutionProperties) = preSolution
		HideSolutionNode = FALSE
	EndGlobalSection
	GlobalSection(ExtensibilityGlobals) = postSolution
		SolutionGuid = {98B142A7-2DE3-49BB-93BA-63ED1E6B81FB}
	EndGlobalSection
EndGlobal
